// !$*UTF8*$!
{
	archiveVersion = 1;
	classes = {
	};
	objectVersion = 77;
	objects = {

/* Begin PBXBuildFile section */
		0BDB4C1D30FCD6A8E747770C /* LogPreviewView.swift in Sources */ = {isa = PBXBuildFile; fileRef = 65ABBA241CCE59F34DF290A0 /* LogPreviewView.swift */; };
		0F38CC8E9CFCBB2E9982A900 /* KakaoMapsSDK-SPM in Frameworks */ = {isa = PBXBuildFile; productRef = 6B18CAE8F036967CBD6A5FD0 /* KakaoMapsSDK-SPM */; };
		1F799557AF09B31CA1D664EF /* MaplogModels.swift in Sources */ = {isa = PBXBuildFile; fileRef = 717E1AC786880C4F9F3E0447 /* MaplogModels.swift */; };
		28E82DEB362C514D0763D2DC /* ProfileView.swift in Sources */ = {isa = PBXBuildFile; fileRef = D0C944E2B4B65B383EDBD76C /* ProfileView.swift */; };
		2DF93A0B91593B3004C4D65F /* HomeViewModel.swift in Sources */ = {isa = PBXBuildFile; fileRef = 34838933415A9B48BC1BF98C /* HomeViewModel.swift */; };
		2F5692305C0C1CB4922668FB /* MaplogApp.swift in Sources */ = {isa = PBXBuildFile; fileRef = 2672356266064D88A9AB90F5 /* MaplogApp.swift */; };
		32DE35FD9AE9F47B0B1FEF82 /* ComposerViewModel.swift in Sources */ = {isa = PBXBuildFile; fileRef = CA24E71BC2577A1A15EBBAB7 /* ComposerViewModel.swift */; };
		3355D59236C4EA0C84F05829 /* LogFeedView.swift in Sources */ = {isa = PBXBuildFile; fileRef = 8768DFA90689F96DA18B14EF /* LogFeedView.swift */; };
		468D26B16BEE53BF4D5B18C8 /* OnboardingView.swift in Sources */ = {isa = PBXBuildFile; fileRef = AF44666EFC016FEA25AB3362 /* OnboardingView.swift */; };
		478728511FB5355DB05A6D30 /* KakaoMapSDKConfiguration.swift in Sources */ = {isa = PBXBuildFile; fileRef = 74A94F44B0009F7B5B57E3AE /* KakaoMapSDKConfiguration.swift */; };
		47C33995BE4EB3682A7880A9 /* TripDetailView.swift in Sources */ = {isa = PBXBuildFile; fileRef = 24EF59E3368576B714BF324C /* TripDetailView.swift */; };
		48B52C7259727D2951382F80 /* SpotDetailView.swift in Sources */ = {isa = PBXBuildFile; fileRef = D653507D19A3EF33FCE581B8 /* SpotDetailView.swift */; };
		4B87E2473AF611A241D6F3BB /* SearchView.swift in Sources */ = {isa = PBXBuildFile; fileRef = E8D230492858DA4B6B97E40D /* SearchView.swift */; };
		5AED54A26FE2D0E933AAC6D2 /* RootView.swift in Sources */ = {isa = PBXBuildFile; fileRef = 5EE6777E9995AFAB01247AC8 /* RootView.swift */; };
		6635A8152E8F95420B29E965 /* MaplogPrimitives.swift in Sources */ = {isa = PBXBuildFile; fileRef = 1573A086114CD4D9DA1FBC0B /* MaplogPrimitives.swift */; };
		77DB9C9792EBE33C03EC4360 /* Assets.xcassets in Resources */ = {isa = PBXBuildFile; fileRef = BBD4570766EEE062B0D9957F /* Assets.xcassets */; };
		854F77386EF2D1F4C9286482 /* HomeView.swift in Sources */ = {isa = PBXBuildFile; fileRef = 35EB4818761109A7DD98F01F /* HomeView.swift */; };
		8620FDB3784C86D27B86B21D /* ExploreMapView.swift in Sources */ = {isa = PBXBuildFile; fileRef = 90640D820DF57FB03ADAB4BB /* ExploreMapView.swift */; };
		99558FA4864B1D3D371887CB /* MockMaplogData.swift in Sources */ = {isa = PBXBuildFile; fileRef = B178E7FBFB73E78FCFC05218 /* MockMaplogData.swift */; };
		A00B2ABF9A8E2FC357C0A64C /* ComposerView.swift in Sources */ = {isa = PBXBuildFile; fileRef = E0640AE75B057F41C8A1BEC9 /* ComposerView.swift */; };
		A54F18BDB73628E81E84EC2E /* MaplogButtons.swift in Sources */ = {isa = PBXBuildFile; fileRef = BDDE9E21B157D66A4C02AC14 /* MaplogButtons.swift */; };
		A8D3584C883AE074D4757BEC /* KakaoMapCanvas.swift in Sources */ = {isa = PBXBuildFile; fileRef = ABC782CD8FA602F351A4F8D1 /* KakaoMapCanvas.swift */; };
		B8BBE3F5A7C53D50B176913A /* QuickMaplogIntent.swift in Sources */ = {isa = PBXBuildFile; fileRef = F2B4AB164A4CD66EF46DB763 /* QuickMaplogIntent.swift */; };
		BD1E134CF66A662A18C9C841 /* TravelImageView.swift in Sources */ = {isa = PBXBuildFile; fileRef = 041F9B0198AC4A718A00360E /* TravelImageView.swift */; };
		C0D3E0010A2B3C4D5E6F7003 /* CaptureEditorView.swift in Sources */ = {isa = PBXBuildFile; fileRef = C0D3E0010A2B3C4D5E6F7001 /* CaptureEditorView.swift */; };
		C0D3E0010A2B3C4D5E6F7004 /* CaptureRecordingShutterButton.swift in Sources */ = {isa = PBXBuildFile; fileRef = C0D3E0010A2B3C4D5E6F7002 /* CaptureRecordingShutterButton.swift */; };
		C0D3E0010A2B3C4D5E6F7005 /* VlogCommentsSheet.swift in Sources */ = {isa = PBXBuildFile; fileRef = C0D3E0010A2B3C4D5E6F7007 /* VlogCommentsSheet.swift */; };
		C0D3E0010A2B3C4D5E6F7006 /* MaplogActivityShareSheet.swift in Sources */ = {isa = PBXBuildFile; fileRef = C0D3E0010A2B3C4D5E6F7008 /* MaplogActivityShareSheet.swift */; };
		D8B336EBE197C31C32670DF1 /* DiscoveryViews.swift in Sources */ = {isa = PBXBuildFile; fileRef = 1D1EC2F8E72AB799F3B85F30 /* DiscoveryViews.swift */; };
		DA6721EE38D0CF3507A10E92 /* SettingsView.swift in Sources */ = {isa = PBXBuildFile; fileRef = 301951B5ED69D1CB3A145958 /* SettingsView.swift */; };
		DD1EC98CABBDFB2928455C19 /* MaplogLogoView.swift in Sources */ = {isa = PBXBuildFile; fileRef = 8B45817772DB8C538E6D5D16 /* MaplogLogoView.swift */; };
		DEBA54644E2AC72CD4B1A5B9 /* ExploreMapViewModel.swift in Sources */ = {isa = PBXBuildFile; fileRef = 2111B1B2104E377560C6C3EB /* ExploreMapViewModel.swift */; };
		DEBB0D0F8CED4E01911F6036 /* MaplogTheme.swift in Sources */ = {isa = PBXBuildFile; fileRef = E616D005446E65E2A4478814 /* MaplogTheme.swift */; };
		E1B3BAA0F6CB395742591F5D /* HomeSupportViews.swift in Sources */ = {isa = PBXBuildFile; fileRef = 3B3A6EE4CC60394A86768933 /* HomeSupportViews.swift */; };
		E21BAE22300BC1C400B95B53 /* AuthModels.swift in Sources */ = {isa = PBXBuildFile; fileRef = E21BAE21300BC1BC00B95B53 /* AuthModels.swift */; };
		E21BAE24300BC1E200B95B53 /* APIClient.swift in Sources */ = {isa = PBXBuildFile; fileRef = E21BAE23300BC1D900B95B53 /* APIClient.swift */; };
		E21BAE26300BC1FD00B95B53 /* AuthService.swift in Sources */ = {isa = PBXBuildFile; fileRef = E21BAE25300BC1F600B95B53 /* AuthService.swift */; };
		E21BAE28300BC20400B95B53 /* KeychainService.swift in Sources */ = {isa = PBXBuildFile; fileRef = E21BAE27300BC20000B95B53 /* KeychainService.swift */; };
		E21BAE2A300BC21700B95B53 /* AuthViewModel.swift in Sources */ = {isa = PBXBuildFile; fileRef = E21BAE29300BC21300B95B53 /* AuthViewModel.swift */; };
		E277D473300C975B00648B9A /* AuthValidation.swift in Sources */ = {isa = PBXBuildFile; fileRef = E277D472300C975300648B9A /* AuthValidation.swift */; };
		E2AC0FC03000354E0005D226 /* PracticeKakaoMapView.swift in Sources */ = {isa = PBXBuildFile; fileRef = E2AC0FBF3000354E0005D226 /* PracticeKakaoMapView.swift */; };
		E64345BB3CE1454CD256FE69 /* Cards.swift in Sources */ = {isa = PBXBuildFile; fileRef = 82FCBC8A1A1F73D5ABD6442D /* Cards.swift */; };
		EDDF28EA911571C5A90929B3 /* CaptureView.swift in Sources */ = {isa = PBXBuildFile; fileRef = 691D6E56B0806BACA016DE02 /* CaptureView.swift */; };
		FB89B8F9095093D254CFC7CE /* ProfileViewModel.swift in Sources */ = {isa = PBXBuildFile; fileRef = 030655D170DFF7F7C85ED748 /* ProfileViewModel.swift */; };
		FDBA21967A87837768F80E5D /* SavedView.swift in Sources */ = {isa = PBXBuildFile; fileRef = BC728AC0952CD66D16711F60 /* SavedView.swift */; };
/* End PBXBuildFile section */

/* Begin PBXFileReference section */
		030655D170DFF7F7C85ED748 /* ProfileViewModel.swift */ = {isa = PBXFileReference; lastKnownFileType = sourcecode.swift; path = ProfileViewModel.swift; sourceTree = "<group>"; };
		041F9B0198AC4A718A00360E /* TravelImageView.swift */ = {isa = PBXFileReference; lastKnownFileType = sourcecode.swift; path = TravelImageView.swift; sourceTree = "<group>"; };
		1573A086114CD4D9DA1FBC0B /* MaplogPrimitives.swift */ = {isa = PBXFileReference; lastKnownFileType = sourcecode.swift; path = MaplogPrimitives.swift; sourceTree = "<group>"; };
		1D1EC2F8E72AB799F3B85F30 /* DiscoveryViews.swift */ = {isa = PBXFileReference; lastKnownFileType = sourcecode.swift; path = DiscoveryViews.swift; sourceTree = "<group>"; };
		2111B1B2104E377560C6C3EB /* ExploreMapViewModel.swift */ = {isa = PBXFileReference; lastKnownFileType = sourcecode.swift; path = ExploreMapViewModel.swift; sourceTree = "<group>"; };
		24EF59E3368576B714BF324C /* TripDetailView.swift */ = {isa = PBXFileReference; lastKnownFileType = sourcecode.swift; path = TripDetailView.swift; sourceTree = "<group>"; };
		2672356266064D88A9AB90F5 /* MaplogApp.swift */ = {isa = PBXFileReference; lastKnownFileType = sourcecode.swift; path = MaplogApp.swift; sourceTree = "<group>"; };
		301951B5ED69D1CB3A145958 /* SettingsView.swift */ = {isa = PBXFileReference; lastKnownFileType = sourcecode.swift; path = SettingsView.swift; sourceTree = "<group>"; };
		34838933415A9B48BC1BF98C /* HomeViewModel.swift */ = {isa = PBXFileReference; lastKnownFileType = sourcecode.swift; path = HomeViewModel.swift; sourceTree = "<group>"; };
		35EB4818761109A7DD98F01F /* HomeView.swift */ = {isa = PBXFileReference; lastKnownFileType = sourcecode.swift; path = HomeView.swift; sourceTree = "<group>"; };
		3B3A6EE4CC60394A86768933 /* HomeSupportViews.swift */ = {isa = PBXFileReference; lastKnownFileType = sourcecode.swift; path = HomeSupportViews.swift; sourceTree = "<group>"; };
		466D4CDACC71C57EB22009EB /* Info.plist */ = {isa = PBXFileReference; lastKnownFileType = text.plist; path = Info.plist; sourceTree = "<group>"; };
		5EE6777E9995AFAB01247AC8 /* RootView.swift */ = {isa = PBXFileReference; lastKnownFileType = sourcecode.swift; path = RootView.swift; sourceTree = "<group>"; };
		65ABBA241CCE59F34DF290A0 /* LogPreviewView.swift */ = {isa = PBXFileReference; lastKnownFileType = sourcecode.swift; path = LogPreviewView.swift; sourceTree = "<group>"; };
		691D6E56B0806BACA016DE02 /* CaptureView.swift */ = {isa = PBXFileReference; lastKnownFileType = sourcecode.swift; path = CaptureView.swift; sourceTree = "<group>"; };
		717E1AC786880C4F9F3E0447 /* MaplogModels.swift */ = {isa = PBXFileReference; lastKnownFileType = sourcecode.swift; path = MaplogModels.swift; sourceTree = "<group>"; };
		74A94F44B0009F7B5B57E3AE /* KakaoMapSDKConfiguration.swift */ = {isa = PBXFileReference; lastKnownFileType = sourcecode.swift; path = KakaoMapSDKConfiguration.swift; sourceTree = "<group>"; };
		82FCBC8A1A1F73D5ABD6442D /* Cards.swift */ = {isa = PBXFileReference; lastKnownFileType = sourcecode.swift; path = Cards.swift; sourceTree = "<group>"; };
		8768DFA90689F96DA18B14EF /* LogFeedView.swift */ = {isa = PBXFileReference; lastKnownFileType = sourcecode.swift; path = LogFeedView.swift; sourceTree = "<group>"; };
		8B45817772DB8C538E6D5D16 /* MaplogLogoView.swift */ = {isa = PBXFileReference; lastKnownFileType = sourcecode.swift; path = MaplogLogoView.swift; sourceTree = "<group>"; };
		8D9314A18D17963AF051A613 /* Secrets.xcconfig */ = {isa = PBXFileReference; lastKnownFileType = text.xcconfig; path = Secrets.xcconfig; sourceTree = "<group>"; };
		90640D820DF57FB03ADAB4BB /* ExploreMapView.swift */ = {isa = PBXFileReference; lastKnownFileType = sourcecode.swift; path = ExploreMapView.swift; sourceTree = "<group>"; };
		ABC782CD8FA602F351A4F8D1 /* KakaoMapCanvas.swift */ = {isa = PBXFileReference; lastKnownFileType = sourcecode.swift; path = KakaoMapCanvas.swift; sourceTree = "<group>"; };
		AF44666EFC016FEA25AB3362 /* OnboardingView.swift */ = {isa = PBXFileReference; lastKnownFileType = sourcecode.swift; path = OnboardingView.swift; sourceTree = "<group>"; };
		B178E7FBFB73E78FCFC05218 /* MockMaplogData.swift */ = {isa = PBXFileReference; lastKnownFileType = sourcecode.swift; path = MockMaplogData.swift; sourceTree = "<group>"; };
		BBD4570766EEE062B0D9957F /* Assets.xcassets */ = {isa = PBXFileReference; lastKnownFileType = folder.assetcatalog; path = Assets.xcassets; sourceTree = "<group>"; };
		BC728AC0952CD66D16711F60 /* SavedView.swift */ = {isa = PBXFileReference; lastKnownFileType = sourcecode.swift; path = SavedView.swift; sourceTree = "<group>"; };
		BDDE9E21B157D66A4C02AC14 /* MaplogButtons.swift */ = {isa = PBXFileReference; lastKnownFileType = sourcecode.swift; path = MaplogButtons.swift; sourceTree = "<group>"; };
		C0D3E0010A2B3C4D5E6F7001 /* CaptureEditorView.swift */ = {isa = PBXFileReference; lastKnownFileType = sourcecode.swift; path = CaptureEditorView.swift; sourceTree = "<group>"; };
		C0D3E0010A2B3C4D5E6F7002 /* CaptureRecordingShutterButton.swift */ = {isa = PBXFileReference; lastKnownFileType = sourcecode.swift; path = CaptureRecordingShutterButton.swift; sourceTree = "<group>"; };
		C0D3E0010A2B3C4D5E6F7007 /* VlogCommentsSheet.swift */ = {isa = PBXFileReference; lastKnownFileType = sourcecode.swift; path = VlogCommentsSheet.swift; sourceTree = "<group>"; };
		C0D3E0010A2B3C4D5E6F7008 /* MaplogActivityShareSheet.swift */ = {isa = PBXFileReference; lastKnownFileType = sourcecode.swift; path = MaplogActivityShareSheet.swift; sourceTree = "<group>"; };
		C9D76282FF2FFEEC0209C7A9 /* Maplog.app */ = {isa = PBXFileReference; explicitFileType = wrapper.application; includeInIndex = 0; path = Maplog.app; sourceTree = BUILT_PRODUCTS_DIR; };
		CA24E71BC2577A1A15EBBAB7 /* ComposerViewModel.swift */ = {isa = PBXFileReference; lastKnownFileType = sourcecode.swift; path = ComposerViewModel.swift; sourceTree = "<group>"; };
		D0C944E2B4B65B383EDBD76C /* ProfileView.swift */ = {isa = PBXFileReference; lastKnownFileType = sourcecode.swift; path = ProfileView.swift; sourceTree = "<group>"; };
		D653507D19A3EF33FCE581B8 /* SpotDetailView.swift */ = {isa = PBXFileReference; lastKnownFileType = sourcecode.swift; path = SpotDetailView.swift; sourceTree = "<group>"; };
		E0640AE75B057F41C8A1BEC9 /* ComposerView.swift */ = {isa = PBXFileReference; lastKnownFileType = sourcecode.swift; path = ComposerView.swift; sourceTree = "<group>"; };
		E21BAE21300BC1BC00B95B53 /* AuthModels.swift */ = {isa = PBXFileReference; lastKnownFileType = sourcecode.swift; path = AuthModels.swift; sourceTree = "<group>"; };
		E21BAE23300BC1D900B95B53 /* APIClient.swift */ = {isa = PBXFileReference; lastKnownFileType = sourcecode.swift; path = APIClient.swift; sourceTree = "<group>"; };
		E21BAE25300BC1F600B95B53 /* AuthService.swift */ = {isa = PBXFileReference; lastKnownFileType = sourcecode.swift; path = AuthService.swift; sourceTree = "<group>"; };
		E21BAE27300BC20000B95B53 /* KeychainService.swift */ = {isa = PBXFileReference; lastKnownFileType = sourcecode.swift; path = KeychainService.swift; sourceTree = "<group>"; };
		E21BAE29300BC21300B95B53 /* AuthViewModel.swift */ = {isa = PBXFileReference; lastKnownFileType = sourcecode.swift; path = AuthViewModel.swift; sourceTree = "<group>"; };
		E277D472300C975300648B9A /* AuthValidation.swift */ = {isa = PBXFileReference; lastKnownFileType = sourcecode.swift; path = AuthValidation.swift; sourceTree = "<group>"; };
		E277D474300D61BD00648B9A /* APIConfiguration.swift */ = {isa = PBXFileReference; lastKnownFileType = sourcecode.swift; path = APIConfiguration.swift; sourceTree = "<group>"; };
		E2AC0FBF3000354E0005D226 /* PracticeKakaoMapView.swift */ = {isa = PBXFileReference; lastKnownFileType = sourcecode.swift; path = PracticeKakaoMapView.swift; sourceTree = "<group>"; };
		E616D005446E65E2A4478814 /* MaplogTheme.swift */ = {isa = PBXFileReference; lastKnownFileType = sourcecode.swift; path = MaplogTheme.swift; sourceTree = "<group>"; };
		E8D230492858DA4B6B97E40D /* SearchView.swift */ = {isa = PBXFileReference; lastKnownFileType = sourcecode.swift; path = SearchView.swift; sourceTree = "<group>"; };
		F2B4AB164A4CD66EF46DB763 /* QuickMaplogIntent.swift */ = {isa = PBXFileReference; lastKnownFileType = sourcecode.swift; path = QuickMaplogIntent.swift; sourceTree = "<group>"; };
/* End PBXFileReference section */

/* Begin PBXFileSystemSynchronizedBuildFileExceptionSet section */
		E278E093300C00D50037F0CA /* Exceptions for "Auth" folder in "Maplog" target */ = {
			isa = PBXFileSystemSynchronizedBuildFileExceptionSet;
			membershipExceptions = (
				SignupView.swift,
			);
			target = 22526D9D7DA8B4179D559524 /* Maplog */;
		};
/* End PBXFileSystemSynchronizedBuildFileExceptionSet section */

/* Begin PBXFileSystemSynchronizedRootGroup section */
		E21BAE2B300BC22400B95B53 /* Stores */ = {
			isa = PBXFileSystemSynchronizedRootGroup;
			path = Stores;
			sourceTree = "<group>";
		};
		E21BAF58300BE42C00B95B53 /* Auth */ = {
			isa = PBXFileSystemSynchronizedRootGroup;
			exceptions = (
				E278E093300C00D50037F0CA /* Exceptions for "Auth" folder in "Maplog" target */,
			);
			path = Auth;
			sourceTree = "<group>";
		};
/* End PBXFileSystemSynchronizedRootGroup section */

/* Begin PBXFrameworksBuildPhase section */
		B765184E4DDFBCF0E46446ED /* Frameworks */ = {
			isa = PBXFrameworksBuildPhase;
			buildActionMask = 2147483647;
			files = (
				0F38CC8E9CFCBB2E9982A900 /* KakaoMapsSDK-SPM in Frameworks */,
			);
			runOnlyForDeploymentPostprocessing = 0;
		};
/* End PBXFrameworksBuildPhase section */

/* Begin PBXGroup section */
		0412E684700AC4A45E6C638E /* Maplog */ = {
			isa = PBXGroup;
			children = (
				E21BAE2B300BC22400B95B53 /* Stores */,
				466D4CDACC71C57EB22009EB /* Info.plist */,
				2672356266064D88A9AB90F5 /* MaplogApp.swift */,
				5EE6777E9995AFAB01247AC8 /* RootView.swift */,
				788BE76129F3163C4DBBEAC5 /* AppIntents */,
				86B65D051A5C8E1403262757 /* Components */,
				731DE34B0224B24C341F98A1 /* Data */,
				BD4651531C42ADF9CA5B6D3E /* Models */,
				0CCF52CC2C41C6BA8BF76AD9 /* Resources */,
				360E622DAD7A55E685E1045E /* Services */,
				435835C2B477580A99CC08C3 /* Theme */,
				111F1E6792810099C9EBB4A6 /* ViewModels */,
				79110CE8419A39D6032482EF /* Views */,
				E21BAF58300BE42C00B95B53 /* Auth */,
			);
			path = Maplog;
			sourceTree = "<group>";
		};
		0B31CCB1430D07D077F6095E /* Logs */ = {
			isa = PBXGroup;
			children = (
				8768DFA90689F96DA18B14EF /* LogFeedView.swift */,
				C0D3E0010A2B3C4D5E6F7007 /* VlogCommentsSheet.swift */,
			);
			path = Logs;
			sourceTree = "<group>";
		};
		0CCF52CC2C41C6BA8BF76AD9 /* Resources */ = {
			isa = PBXGroup;
			children = (
				BBD4570766EEE062B0D9957F /* Assets.xcassets */,
			);
			path = Resources;
			sourceTree = "<group>";
		};
		0E6798589C394E181A9305C3 /* Config */ = {
			isa = PBXGroup;
			children = (
				E277D474300D61BD00648B9A /* APIConfiguration.swift */,
				8D9314A18D17963AF051A613 /* Secrets.xcconfig */,
			);
			path = Config;
			sourceTree = "<group>";
		};
		111F1E6792810099C9EBB4A6 /* ViewModels */ = {
			isa = PBXGroup;
			children = (
				E21BAE29300BC21300B95B53 /* AuthViewModel.swift */,
				CA24E71BC2577A1A15EBBAB7 /* ComposerViewModel.swift */,
				2111B1B2104E377560C6C3EB /* ExploreMapViewModel.swift */,
				34838933415A9B48BC1BF98C /* HomeViewModel.swift */,
				030655D170DFF7F7C85ED748 /* ProfileViewModel.swift */,
			);
			path = ViewModels;
			sourceTree = "<group>";
		};
		2FC6E5E451F0820B45E53CCE /* Home */ = {
			isa = PBXGroup;
			children = (
				1D1EC2F8E72AB799F3B85F30 /* DiscoveryViews.swift */,
				3B3A6EE4CC60394A86768933 /* HomeSupportViews.swift */,
				35EB4818761109A7DD98F01F /* HomeView.swift */,
				E8D230492858DA4B6B97E40D /* SearchView.swift */,
				24EF59E3368576B714BF324C /* TripDetailView.swift */,
			);
			path = Home;
			sourceTree = "<group>";
		};
		360E622DAD7A55E685E1045E /* Services */ = {
			isa = PBXGroup;
			children = (
				E21BAE27300BC20000B95B53 /* KeychainService.swift */,
				E21BAE25300BC1F600B95B53 /* AuthService.swift */,
				E21BAE23300BC1D900B95B53 /* APIClient.swift */,
				74A94F44B0009F7B5B57E3AE /* KakaoMapSDKConfiguration.swift */,
			);
			path = Services;
			sourceTree = "<group>";
		};
		435835C2B477580A99CC08C3 /* Theme */ = {
			isa = PBXGroup;
			children = (
				E616D005446E65E2A4478814 /* MaplogTheme.swift */,
			);
			path = Theme;
			sourceTree = "<group>";
		};
		6F818713B6666449B5EC8313 = {
			isa = PBXGroup;
			children = (
				0E6798589C394E181A9305C3 /* Config */,
				0412E684700AC4A45E6C638E /* Maplog */,
				89737E8A663CE85CB215E1ED /* Products */,
			);
			sourceTree = "<group>";
		};
		731DE34B0224B24C341F98A1 /* Data */ = {
			isa = PBXGroup;
			children = (
				B178E7FBFB73E78FCFC05218 /* MockMaplogData.swift */,
			);
			path = Data;
			sourceTree = "<group>";
		};
		788BE76129F3163C4DBBEAC5 /* AppIntents */ = {
			isa = PBXGroup;
			children = (
				F2B4AB164A4CD66EF46DB763 /* QuickMaplogIntent.swift */,
			);
			path = AppIntents;
			sourceTree = "<group>";
		};
		79110CE8419A39D6032482EF /* Views */ = {
			isa = PBXGroup;
			children = (
				B1A126FE1B2603FC7C02B20F /* Composer */,
				2FC6E5E451F0820B45E53CCE /* Home */,
				0B31CCB1430D07D077F6095E /* Logs */,
				B667F9C71476AEC311DF80F2 /* Map */,
				7C67C8425758FDBB0E2204F3 /* Onboarding */,
				F03A0B02B0EFF1360FA43192 /* Profile */,
				F236B17438C4B5605872EAC3 /* Saved */,
			);
			path = Views;
			sourceTree = "<group>";
		};
		7C67C8425758FDBB0E2204F3 /* Onboarding */ = {
			isa = PBXGroup;
			children = (
				AF44666EFC016FEA25AB3362 /* OnboardingView.swift */,
			);
			path = Onboarding;
			sourceTree = "<group>";
		};
		86B65D051A5C8E1403262757 /* Components */ = {
			isa = PBXGroup;
			children = (
				82FCBC8A1A1F73D5ABD6442D /* Cards.swift */,
				BDDE9E21B157D66A4C02AC14 /* MaplogButtons.swift */,
				8B45817772DB8C538E6D5D16 /* MaplogLogoView.swift */,
				1573A086114CD4D9DA1FBC0B /* MaplogPrimitives.swift */,
				041F9B0198AC4A718A00360E /* TravelImageView.swift */,
				C0D3E0010A2B3C4D5E6F7008 /* MaplogActivityShareSheet.swift */,
			);
			path = Components;
			sourceTree = "<group>";
		};
		89737E8A663CE85CB215E1ED /* Products */ = {
			isa = PBXGroup;
			children = (
				C9D76282FF2FFEEC0209C7A9 /* Maplog.app */,
			);
			name = Products;
			sourceTree = "<group>";
		};
		B1A126FE1B2603FC7C02B20F /* Composer */ = {
			isa = PBXGroup;
			children = (
				691D6E56B0806BACA016DE02 /* CaptureView.swift */,
				C0D3E0010A2B3C4D5E6F7001 /* CaptureEditorView.swift */,
				C0D3E0010A2B3C4D5E6F7002 /* CaptureRecordingShutterButton.swift */,
				E0640AE75B057F41C8A1BEC9 /* ComposerView.swift */,
				65ABBA241CCE59F34DF290A0 /* LogPreviewView.swift */,
			);
			path = Composer;
			sourceTree = "<group>";
		};
		B667F9C71476AEC311DF80F2 /* Map */ = {
			isa = PBXGroup;
			children = (
				90640D820DF57FB03ADAB4BB /* ExploreMapView.swift */,
				ABC782CD8FA602F351A4F8D1 /* KakaoMapCanvas.swift */,
				D653507D19A3EF33FCE581B8 /* SpotDetailView.swift */,
				E2AC0FBF3000354E0005D226 /* PracticeKakaoMapView.swift */,
			);
			path = Map;
			sourceTree = "<group>";
		};
		BD4651531C42ADF9CA5B6D3E /* Models */ = {
			isa = PBXGroup;
			children = (
				E277D472300C975300648B9A /* AuthValidation.swift */,
				E21BAE21300BC1BC00B95B53 /* AuthModels.swift */,
				717E1AC786880C4F9F3E0447 /* MaplogModels.swift */,
			);
			path = Models;
			sourceTree = "<group>";
		};
		F03A0B02B0EFF1360FA43192 /* Profile */ = {
			isa = PBXGroup;
			children = (
				D0C944E2B4B65B383EDBD76C /* ProfileView.swift */,
				301951B5ED69D1CB3A145958 /* SettingsView.swift */,
			);
			path = Profile;
			sourceTree = "<group>";
		};
		F236B17438C4B5605872EAC3 /* Saved */ = {
			isa = PBXGroup;
			children = (
				BC728AC0952CD66D16711F60 /* SavedView.swift */,
			);
			path = Saved;
			sourceTree = "<group>";
		};
/* End PBXGroup section */

/* Begin PBXNativeTarget section */
		22526D9D7DA8B4179D559524 /* Maplog */ = {
			isa = PBXNativeTarget;
			buildConfigurationList = 831127241DE325B20A2CDC04 /* Build configuration list for PBXNativeTarget "Maplog" */;
			buildPhases = (
				4EC42DA2869CB21488667344 /* Sources */,
				86551712B272B0998DC40828 /* Resources */,
				B765184E4DDFBCF0E46446ED /* Frameworks */,
			);
			buildRules = (
			);
			dependencies = (
			);
			fileSystemSynchronizedGroups = (
				E21BAE2B300BC22400B95B53 /* Stores */,
			);
			name = Maplog;
			packageProductDependencies = (
				6B18CAE8F036967CBD6A5FD0 /* KakaoMapsSDK-SPM */,
			);
			productName = Maplog;
			productReference = C9D76282FF2FFEEC0209C7A9 /* Maplog.app */;
			productType = "com.apple.product-type.application";
		};
/* End PBXNativeTarget section */

/* Begin PBXProject section */
		32CABE552FAA06EB89A91E7A /* Project object */ = {
			isa = PBXProject;
			attributes = {
				BuildIndependentTargetsInParallel = YES;
				LastUpgradeCheck = 1430;
			};
			buildConfigurationList = D2F312217372D9F5DDA134A7 /* Build configuration list for PBXProject "Maplog" */;
			developmentRegion = ko;
			hasScannedForEncodings = 0;
			knownRegions = (
				Base,
				ko,
			);
			mainGroup = 6F818713B6666449B5EC8313;
			minimizedProjectReferenceProxies = 1;
			packageReferences = (
				4CA97833B5B1FA813701067E /* XCRemoteSwiftPackageReference "KakaoMapsSDK-SPM" */,
			);
			preferredProjectObjectVersion = 77;
			productRefGroup = 89737E8A663CE85CB215E1ED /* Products */;
			projectDirPath = "";
			projectRoot = "";
			targets = (
				22526D9D7DA8B4179D559524 /* Maplog */,
			);
		};
/* End PBXProject section */

/* Begin PBXResourcesBuildPhase section */
		86551712B272B0998DC40828 /* Resources */ = {
			isa = PBXResourcesBuildPhase;
			buildActionMask = 2147483647;
			files = (
				77DB9C9792EBE33C03EC4360 /* Assets.xcassets in Resources */,
			);
			runOnlyForDeploymentPostprocessing = 0;
		};
/* End PBXResourcesBuildPhase section */

/* Begin PBXSourcesBuildPhase section */
		4EC42DA2869CB21488667344 /* Sources */ = {
			isa = PBXSourcesBuildPhase;
			buildActionMask = 2147483647;
			files = (
				C0D3E0010A2B3C4D5E6F7003 /* CaptureEditorView.swift in Sources */,
				C0D3E0010A2B3C4D5E6F7004 /* CaptureRecordingShutterButton.swift in Sources */,
				C0D3E0010A2B3C4D5E6F7005 /* VlogCommentsSheet.swift in Sources */,
				C0D3E0010A2B3C4D5E6F7006 /* MaplogActivityShareSheet.swift in Sources */,
				EDDF28EA911571C5A90929B3 /* CaptureView.swift in Sources */,
				E64345BB3CE1454CD256FE69 /* Cards.swift in Sources */,
				A00B2ABF9A8E2FC357C0A64C /* ComposerView.swift in Sources */,
				E21BAE26300BC1FD00B95B53 /* AuthService.swift in Sources */,
				32DE35FD9AE9F47B0B1FEF82 /* ComposerViewModel.swift in Sources */,
				D8B336EBE197C31C32670DF1 /* DiscoveryViews.swift in Sources */,
				8620FDB3784C86D27B86B21D /* ExploreMapView.swift in Sources */,
				DEBA54644E2AC72CD4B1A5B9 /* ExploreMapViewModel.swift in Sources */,
				E1B3BAA0F6CB395742591F5D /* HomeSupportViews.swift in Sources */,
				854F77386EF2D1F4C9286482 /* HomeView.swift in Sources */,
				E21BAE24300BC1E200B95B53 /* APIClient.swift in Sources */,
				2DF93A0B91593B3004C4D65F /* HomeViewModel.swift in Sources */,
				A8D3584C883AE074D4757BEC /* KakaoMapCanvas.swift in Sources */,
				478728511FB5355DB05A6D30 /* KakaoMapSDKConfiguration.swift in Sources */,
				3355D59236C4EA0C84F05829 /* LogFeedView.swift in Sources */,
				E21BAE22300BC1C400B95B53 /* AuthModels.swift in Sources */,
				E277D473300C975B00648B9A /* AuthValidation.swift in Sources */,
				0BDB4C1D30FCD6A8E747770C /* LogPreviewView.swift in Sources */,
				2F5692305C0C1CB4922668FB /* MaplogApp.swift in Sources */,
				A54F18BDB73628E81E84EC2E /* MaplogButtons.swift in Sources */,
				DD1EC98CABBDFB2928455C19 /* MaplogLogoView.swift in Sources */,
				1F799557AF09B31CA1D664EF /* MaplogModels.swift in Sources */,
				6635A8152E8F95420B29E965 /* MaplogPrimitives.swift in Sources */,
				E2AC0FC03000354E0005D226 /* PracticeKakaoMapView.swift in Sources */,
				DEBB0D0F8CED4E01911F6036 /* MaplogTheme.swift in Sources */,
				99558FA4864B1D3D371887CB /* MockMaplogData.swift in Sources */,
				468D26B16BEE53BF4D5B18C8 /* OnboardingView.swift in Sources */,
				28E82DEB362C514D0763D2DC /* ProfileView.swift in Sources */,
				FB89B8F9095093D254CFC7CE /* ProfileViewModel.swift in Sources */,
				B8BBE3F5A7C53D50B176913A /* QuickMaplogIntent.swift in Sources */,
				5AED54A26FE2D0E933AAC6D2 /* RootView.swift in Sources */,
				FDBA21967A87837768F80E5D /* SavedView.swift in Sources */,
				E21BAE28300BC20400B95B53 /* KeychainService.swift in Sources */,
				4B87E2473AF611A241D6F3BB /* SearchView.swift in Sources */,
				DA6721EE38D0CF3507A10E92 /* SettingsView.swift in Sources */,
				E21BAE2A300BC21700B95B53 /* AuthViewModel.swift in Sources */,
				48B52C7259727D2951382F80 /* SpotDetailView.swift in Sources */,
				BD1E134CF66A662A18C9C841 /* TravelImageView.swift in Sources */,
				47C33995BE4EB3682A7880A9 /* TripDetailView.swift in Sources */,
			);
			runOnlyForDeploymentPostprocessing = 0;
		};
/* End PBXSourcesBuildPhase section */

/* Begin XCBuildConfiguration section */
		4290D0F1A15549CF04FB7A68 /* Debug */ = {
			isa = XCBuildConfiguration;
			buildSettings = {
				ALWAYS_SEARCH_USER_PATHS = NO;
				CLANG_ANALYZER_NONNULL = YES;
				CLANG_ANALYZER_NUMBER_OBJECT_CONVERSION = YES_AGGRESSIVE;
				CLANG_CXX_LANGUAGE_STANDARD = "gnu++14";
				CLANG_CXX_LIBRARY = "libc++";
				CLANG_ENABLE_MODULES = YES;
				CLANG_ENABLE_OBJC_ARC = YES;
				CLANG_ENABLE_OBJC_WEAK = YES;
				CLANG_WARN_BLOCK_CAPTURE_AUTORELEASING = YES;
				CLANG_WARN_BOOL_CONVERSION = YES;
				CLANG_WARN_COMMA = YES;
				CLANG_WARN_CONSTANT_CONVERSION = YES;
				CLANG_WARN_DEPRECATED_OBJC_IMPLEMENTATIONS = YES;
				CLANG_WARN_DIRECT_OBJC_ISA_USAGE = YES_ERROR;
				CLANG_WARN_DOCUMENTATION_COMMENTS = YES;
				CLANG_WARN_EMPTY_BODY = YES;
				CLANG_WARN_ENUM_CONVERSION = YES;
				CLANG_WARN_INFINITE_RECURSION = YES;
				CLANG_WARN_INT_CONVERSION = YES;
				CLANG_WARN_NON_LITERAL_NULL_CONVERSION = YES;
				CLANG_WARN_OBJC_IMPLICIT_RETAIN_SELF = YES;
				CLANG_WARN_OBJC_LITERAL_CONVERSION = YES;
				CLANG_WARN_OBJC_ROOT_CLASS = YES_ERROR;
				CLANG_WARN_QUOTED_INCLUDE_IN_FRAMEWORK_HEADER = YES;
				CLANG_WARN_RANGE_LOOP_ANALYSIS = YES;
				CLANG_WARN_STRICT_PROTOTYPES = YES;
				CLANG_WARN_SUSPICIOUS_MOVE = YES;
				CLANG_WARN_UNGUARDED_AVAILABILITY = YES_AGGRESSIVE;
				CLANG_WARN_UNREACHABLE_CODE = YES;
				CLANG_WARN__DUPLICATE_METHOD_MATCH = YES;
				COPY_PHASE_STRIP = NO;
				CURRENT_PROJECT_VERSION = 1;
				DEBUG_INFORMATION_FORMAT = dwarf;
				ENABLE_STRICT_OBJC_MSGSEND = YES;
				ENABLE_TESTABILITY = YES;
				GCC_C_LANGUAGE_STANDARD = gnu11;
				GCC_DYNAMIC_NO_PIC = NO;
				GCC_NO_COMMON_BLOCKS = YES;
				GCC_OPTIMIZATION_LEVEL = 0;
				GCC_PREPROCESSOR_DEFINITIONS = (
					"$(inherited)",
					"DEBUG=1",
				);
				GCC_WARN_64_TO_32_BIT_CONVERSION = YES;
				GCC_WARN_ABOUT_RETURN_TYPE = YES_ERROR;
				GCC_WARN_UNDECLARED_SELECTOR = YES;
				GCC_WARN_UNINITIALIZED_AUTOS = YES_AGGRESSIVE;
				GCC_WARN_UNUSED_FUNCTION = YES;
				GCC_WARN_UNUSED_VARIABLE = YES;
				IPHONEOS_DEPLOYMENT_TARGET = 17.0;
				MARKETING_VERSION = 1.0;
				MTL_ENABLE_DEBUG_INFO = INCLUDE_SOURCE;
				MTL_FAST_MATH = YES;
				ONLY_ACTIVE_ARCH = YES;
				PRODUCT_NAME = "$(TARGET_NAME)";
				SDKROOT = iphoneos;
				SWIFT_ACTIVE_COMPILATION_CONDITIONS = DEBUG;
				SWIFT_OPTIMIZATION_LEVEL = "-Onone";
				SWIFT_VERSION = 5.0;
			};
			name = Debug;
		};
		9A27DA7BED0302F117B7CB37 /* Release */ = {
			isa = XCBuildConfiguration;
			buildSettings = {
				ALWAYS_SEARCH_USER_PATHS = NO;
				CLANG_ANALYZER_NONNULL = YES;
				CLANG_ANALYZER_NUMBER_OBJECT_CONVERSION = YES_AGGRESSIVE;
				CLANG_CXX_LANGUAGE_STANDARD = "gnu++14";
				CLANG_CXX_LIBRARY = "libc++";
				CLANG_ENABLE_MODULES = YES;
				CLANG_ENABLE_OBJC_ARC = YES;
				CLANG_ENABLE_OBJC_WEAK = YES;
				CLANG_WARN_BLOCK_CAPTURE_AUTORELEASING = YES;
				CLANG_WARN_BOOL_CONVERSION = YES;
				CLANG_WARN_COMMA = YES;
				CLANG_WARN_CONSTANT_CONVERSION = YES;
				CLANG_WARN_DEPRECATED_OBJC_IMPLEMENTATIONS = YES;
				CLANG_WARN_DIRECT_OBJC_ISA_USAGE = YES_ERROR;
				CLANG_WARN_DOCUMENTATION_COMMENTS = YES;
				CLANG_WARN_EMPTY_BODY = YES;
				CLANG_WARN_ENUM_CONVERSION = YES;
				CLANG_WARN_INFINITE_RECURSION = YES;
				CLANG_WARN_INT_CONVERSION = YES;
				CLANG_WARN_NON_LITERAL_NULL_CONVERSION = YES;
				CLANG_WARN_OBJC_IMPLICIT_RETAIN_SELF = YES;
				CLANG_WARN_OBJC_LITERAL_CONVERSION = YES;
				CLANG_WARN_OBJC_ROOT_CLASS = YES_ERROR;
				CLANG_WARN_QUOTED_INCLUDE_IN_FRAMEWORK_HEADER = YES;
				CLANG_WARN_RANGE_LOOP_ANALYSIS = YES;
				CLANG_WARN_STRICT_PROTOTYPES = YES;
				CLANG_WARN_SUSPICIOUS_MOVE = YES;
				CLANG_WARN_UNGUARDED_AVAILABILITY = YES_AGGRESSIVE;
				CLANG_WARN_UNREACHABLE_CODE = YES;
				CLANG_WARN__DUPLICATE_METHOD_MATCH = YES;
				COPY_PHASE_STRIP = NO;
				CURRENT_PROJECT_VERSION = 1;
				DEBUG_INFORMATION_FORMAT = "dwarf-with-dsym";
				ENABLE_NS_ASSERTIONS = NO;
				ENABLE_STRICT_OBJC_MSGSEND = YES;
				GCC_C_LANGUAGE_STANDARD = gnu11;
				GCC_NO_COMMON_BLOCKS = YES;
				GCC_WARN_64_TO_32_BIT_CONVERSION = YES;
				GCC_WARN_ABOUT_RETURN_TYPE = YES_ERROR;
				GCC_WARN_UNDECLARED_SELECTOR = YES;
				GCC_WARN_UNINITIALIZED_AUTOS = YES_AGGRESSIVE;
				GCC_WARN_UNUSED_FUNCTION = YES;
				GCC_WARN_UNUSED_VARIABLE = YES;
				IPHONEOS_DEPLOYMENT_TARGET = 17.0;
				MARKETING_VERSION = 1.0;
				MTL_ENABLE_DEBUG_INFO = NO;
				MTL_FAST_MATH = YES;
				PRODUCT_NAME = "$(TARGET_NAME)";
				SDKROOT = iphoneos;
				SWIFT_COMPILATION_MODE = wholemodule;
				SWIFT_OPTIMIZATION_LEVEL = "-O";
				SWIFT_VERSION = 5.0;
			};
			name = Release;
		};
		B4CDD768A754753BD81957D4 /* Debug */ = {
			isa = XCBuildConfiguration;
			baseConfigurationReference = 8D9314A18D17963AF051A613 /* Secrets.xcconfig */;
			buildSettings = {
				ASSETCATALOG_COMPILER_APPICON_NAME = AppIcon;
				ASSETCATALOG_COMPILER_GLOBAL_ACCENT_COLOR_NAME = AccentColor;
				CODE_SIGN_IDENTITY = "iPhone Developer";
				DEVELOPMENT_TEAM = 6K7Z5G4HYN;
				GENERATE_INFOPLIST_FILE = NO;
				INFOPLIST_FILE = Maplog/Info.plist;
				LD_RUNPATH_SEARCH_PATHS = (
					"$(inherited)",
					"@executable_path/Frameworks",
				);
				PRODUCT_BUNDLE_IDENTIFIER = com.maplog.app;
				SDKROOT = iphoneos;
				TARGETED_DEVICE_FAMILY = "1,2";
			};
			name = Debug;
		};
		ECFF37281D4ACA3869DB7270 /* Release */ = {
			isa = XCBuildConfiguration;
			baseConfigurationReference = 8D9314A18D17963AF051A613 /* Secrets.xcconfig */;
			buildSettings = {
				ASSETCATALOG_COMPILER_APPICON_NAME = AppIcon;
				ASSETCATALOG_COMPILER_GLOBAL_ACCENT_COLOR_NAME = AccentColor;
				CODE_SIGN_IDENTITY = "iPhone Developer";
				DEVELOPMENT_TEAM = 6K7Z5G4HYN;
				GENERATE_INFOPLIST_FILE = NO;
				INFOPLIST_FILE = Maplog/Info.plist;
				LD_RUNPATH_SEARCH_PATHS = (
					"$(inherited)",
					"@executable_path/Frameworks",
				);
				PRODUCT_BUNDLE_IDENTIFIER = com.maplog.app;
				SDKROOT = iphoneos;
				TARGETED_DEVICE_FAMILY = "1,2";
			};
			name = Release;
		};
/* End XCBuildConfiguration section */

/* Begin XCConfigurationList section */
		831127241DE325B20A2CDC04 /* Build configuration list for PBXNativeTarget "Maplog" */ = {
			isa = XCConfigurationList;
			buildConfigurations = (
				B4CDD768A754753BD81957D4 /* Debug */,
				ECFF37281D4ACA3869DB7270 /* Release */,
			);
			defaultConfigurationIsVisible = 0;
			defaultConfigurationName = Debug;
		};
		D2F312217372D9F5DDA134A7 /* Build configuration list for PBXProject "Maplog" */ = {
			isa = XCConfigurationList;
			buildConfigurations = (
				4290D0F1A15549CF04FB7A68 /* Debug */,
				9A27DA7BED0302F117B7CB37 /* Release */,
			);
			defaultConfigurationIsVisible = 0;
			defaultConfigurationName = Debug;
		};
/* End XCConfigurationList section */

/* Begin XCRemoteSwiftPackageReference section */
		4CA97833B5B1FA813701067E /* XCRemoteSwiftPackageReference "KakaoMapsSDK-SPM" */ = {
			isa = XCRemoteSwiftPackageReference;
			repositoryURL = "https://github.com/kakao-mapsSDK/KakaoMapsSDK-SPM.git";
			requirement = {
				kind = upToNextMajorVersion;
				minimumVersion = 2.12.14;
			};
		};
/* End XCRemoteSwiftPackageReference section */

/* Begin XCSwiftPackageProductDependency section */
		6B18CAE8F036967CBD6A5FD0 /* KakaoMapsSDK-SPM */ = {
			isa = XCSwiftPackageProductDependency;
			package = 4CA97833B5B1FA813701067E /* XCRemoteSwiftPackageReference "KakaoMapsSDK-SPM" */;
			productName = "KakaoMapsSDK-SPM";
		};
/* End XCSwiftPackageProductDependency section */
	};
	rootObject = 32CABE552FAA06EB89A91E7A /* Project object */;
}
