{
  "originHash" : "b9deccd30d26431dbdb22caaf025a07b15001cd6a13f38af4460b15157f1145a",
  "pins" : [
    {
      "identity" : "kakaomapssdk-spm",
      "kind" : "remoteSourceControl",
      "location" : "https://github.com/kakao-mapsSDK/KakaoMapsSDK-SPM.git",
      "state" : {
        "revision" : "f65244fa972c713e865f5903c356a590f42b990a",
        "version" : "2.12.14"
      }
    }
  ],
  "version" : 3
}
